{"1.1.0",
[{<<"accept">>,{pkg,<<"accept">>,<<"0.3.0">>},0},
 {<<"prometheus">>,{pkg,<<"prometheus">>,<<"3.1.0">>},0}]}.
[
{pkg_hash,[
 {<<"accept">>, <<"2505B60BCB992CA79BD03AB7B8FEC8A520A47D9730F286DF1A479CC98B03F94B">>},
 {<<"prometheus">>, <<"32A148A6C906D8D31113CAD5CB07D4B61DEC3F77C6F6FE2CE837D1FF62E9A049">>}]}
].
